
Microsoft Visual Studio Solution File, Format Version 12.00
# Visual Studio Version 17
VisualStudioVersion = 17.8.34408.163
MinimumVisualStudioVersion = 10.0.40219.1
Project("{FAE04EC0-301F-11D3-BF4B-00C04F79EFBC}") = "Employee_Project", "Employee_Project\Employee_Project.csproj", "{EE890516-212F-4CC8-9B9E-2E519AF97951}"
EndProject
Global
	GlobalSection(SolutionConfigurationPlatforms) = preSolution
		Debug|Any CPU = Debug|Any CPU
		Release|Any CPU = Release|Any CPU
	EndGlobalSection
	GlobalSection(ProjectConfigurationPlatforms) = postSolution
		{EE890516-212F-4CC8-9B9E-2E519AF97951}.Debug|Any CPU.ActiveCfg = Debug|Any CPU
		{EE890516-212F-4CC8-9B9E-2E519AF97951}.Debug|Any CPU.Build.0 = Debug|Any CPU
		{EE890516-212F-4CC8-9B9E-2E519AF97951}.Release|Any CPU.ActiveCfg = Release|Any CPU
		{EE890516-212F-4CC8-9B9E-2E519AF97951}.Release|Any CPU.Build.0 = Release|Any CPU
	EndGlobalSection
	GlobalSection(SolutionProperties) = preSolution
		HideSolutionNode = FALSE
	EndGlobalSection
	GlobalSection(ExtensibilityGlobals) = postSolution
		SolutionGuid = {00A4231D-2975-41C8-B3D2-03E1DC28CEA0}
	EndGlobalSection
EndGlobal
